# This file is @generated by PDM.
# It is not intended for manual editing.

[metadata]
groups = ["default"]
strategy = ["cross_platform"]
lock_version = "4.4.1"
content_hash = "sha256:8d40d2dd29b0ec12f86247780e635ffe36d10f3a53bcde99d86fb2be0089fd14"

[[package]]
name = "anyio"
version = "3.6.2"
requires_python = ">=3.6.2"
summary = "High level compatibility layer for multiple asynchronous event loop implementations"
dependencies = [
    "idna>=2.8",
    "sniffio>=1.1",
]
files = [
    {file = "anyio-3.6.2-py3-none-any.whl", hash = "sha256:fbbe32bd270d2a2ef3ed1c5d45041250284e31fc0a4df4a5a6071842051a51e3"},
    {file = "anyio-3.6.2.tar.gz", hash = "sha256:25ea0d673ae30af41a0c442f81cf3b38c7e79fdc7b60335a4c14e05eb0947421"},
]

[[package]]
name = "beautifulsoup4"
version = "4.12.2"
requires_python = ">=3.6.0"
summary = "Screen-scraping library"
dependencies = [
    "soupsieve>1.2",
]
files = [
    {file = "beautifulsoup4-4.12.2-py3-none-any.whl", hash = "sha256:bd2520ca0d9d7d12694a53d44ac482d181b4ec1888909b035a3dbf40d0f57d4a"},
    {file = "beautifulsoup4-4.12.2.tar.gz", hash = "sha256:492bbc69dca35d12daac71c4db1bfff0c876c00ef4a2ffacce226d4638eb72da"},
]

[[package]]
name = "blinker"
version = "1.7.0"
requires_python = ">=3.8"
summary = "Fast, simple object-to-object and broadcast signaling"
files = [
    {file = "blinker-1.7.0-py3-none-any.whl", hash = "sha256:c3f865d4d54db7abc53758a01601cf343fe55b84c1de4e3fa910e420b438d5b9"},
    {file = "blinker-1.7.0.tar.gz", hash = "sha256:e6820ff6fa4e4d1d8e2747c2283749c3f547e4fee112b98555cdcdae32996182"},
]

[[package]]
name = "brotli"
version = "1.0.9"
summary = "Python bindings for the Brotli compression library"
files = [
    {file = "Brotli-1.0.9-cp310-cp310-macosx_10_9_universal2.whl", hash = "sha256:9744a863b489c79a73aba014df554b0e7a0fc44ef3f8a0ef2a52919c7d155031"},
    {file = "Brotli-1.0.9-cp310-cp310-macosx_10_9_x86_64.whl", hash = "sha256:a72661af47119a80d82fa583b554095308d6a4c356b2a554fdc2799bc19f2a43"},
    {file = "Brotli-1.0.9-cp310-cp310-manylinux_2_17_aarch64.manylinux2014_aarch64.whl", hash = "sha256:7ee83d3e3a024a9618e5be64648d6d11c37047ac48adff25f12fa4226cf23d1c"},
    {file = "Brotli-1.0.9-cp310-cp310-manylinux_2_5_i686.manylinux1_i686.manylinux_2_12_i686.manylinux2010_i686.whl", hash = "sha256:19598ecddd8a212aedb1ffa15763dd52a388518c4550e615aed88dc3753c0f0c"},
    {file = "Brotli-1.0.9-cp310-cp310-manylinux_2_5_x86_64.manylinux1_x86_64.manylinux_2_12_x86_64.manylinux2010_x86_64.whl", hash = "sha256:44bb8ff420c1d19d91d79d8c3574b8954288bdff0273bf788954064d260d7ab0"},
    {file = "Brotli-1.0.9-cp310-cp310-musllinux_1_1_aarch64.whl", hash = "sha256:e23281b9a08ec338469268f98f194658abfb13658ee98e2b7f85ee9dd06caa91"},
    {file = "Brotli-1.0.9-cp310-cp310-musllinux_1_1_i686.whl", hash = "sha256:3496fc835370da351d37cada4cf744039616a6db7d13c430035e901443a34daa"},
    {file = "Brotli-1.0.9-cp310-cp310-musllinux_1_1_x86_64.whl", hash = "sha256:b83bb06a0192cccf1eb8d0a28672a1b79c74c3a8a5f2619625aeb6f28b3a82bb"},
    {file = "Brotli-1.0.9-cp310-cp310-win32.whl", hash = "sha256:26d168aac4aaec9a4394221240e8a5436b5634adc3cd1cdf637f6645cecbf181"},
    {file = "Brotli-1.0.9-cp310-cp310-win_amd64.whl", hash = "sha256:622a231b08899c864eb87e85f81c75e7b9ce05b001e59bbfbf43d4a71f5f32b2"},
    {file = "Brotli-1.0.9-pp37-pypy37_pp73-macosx_10_9_x86_64.whl", hash = "sha256:9749a124280a0ada4187a6cfd1ffd35c350fb3af79c706589d98e088c5044267"},
    {file = "Brotli-1.0.9-pp37-pypy37_pp73-manylinux_2_5_i686.manylinux1_i686.manylinux_2_12_i686.manylinux2010_i686.whl", hash = "sha256:73fd30d4ce0ea48010564ccee1a26bfe39323fde05cb34b5863455629db61dc7"},
    {file = "Brotli-1.0.9-pp37-pypy37_pp73-manylinux_2_5_x86_64.manylinux1_x86_64.manylinux_2_12_x86_64.manylinux2010_x86_64.whl", hash = "sha256:02177603aaca36e1fd21b091cb742bb3b305a569e2402f1ca38af471777fb019"},
    {file = "Brotli-1.0.9-pp37-pypy37_pp73-win_amd64.whl", hash = "sha256:76ffebb907bec09ff511bb3acc077695e2c32bc2142819491579a695f77ffd4d"},
    {file = "Brotli-1.0.9-pp38-pypy38_pp73-macosx_10_9_x86_64.whl", hash = "sha256:b43775532a5904bc938f9c15b77c613cb6ad6fb30990f3b0afaea82797a402d8"},
    {file = "Brotli-1.0.9-pp38-pypy38_pp73-manylinux_2_5_i686.manylinux1_i686.manylinux_2_12_i686.manylinux2010_i686.whl", hash = "sha256:5bf37a08493232fbb0f8229f1824b366c2fc1d02d64e7e918af40acd15f3e337"},
    {file = "Brotli-1.0.9-pp38-pypy38_pp73-manylinux_2_5_x86_64.manylinux1_x86_64.manylinux_2_12_x86_64.manylinux2010_x86_64.whl", hash = "sha256:330e3f10cd01da535c70d09c4283ba2df5fb78e915bea0a28becad6e2ac010be"},
    {file = "Brotli-1.0.9-pp38-pypy38_pp73-win_amd64.whl", hash = "sha256:e1abbeef02962596548382e393f56e4c94acd286bd0c5afba756cffc33670e8a"},
    {file = "Brotli-1.0.9-pp39-pypy39_pp73-macosx_10_9_x86_64.whl", hash = "sha256:3148362937217b7072cf80a2dcc007f09bb5ecb96dae4617316638194113d5be"},
    {file = "Brotli-1.0.9-pp39-pypy39_pp73-manylinux_2_17_x86_64.manylinux2014_x86_64.whl", hash = "sha256:336b40348269f9b91268378de5ff44dc6fbaa2268194f85177b53463d313842a"},
    {file = "Brotli-1.0.9-pp39-pypy39_pp73-manylinux_2_5_i686.manylinux1_i686.manylinux_2_17_i686.manylinux2014_i686.whl", hash = "sha256:3b8b09a16a1950b9ef495a0f8b9d0a87599a9d1f179e2d4ac014b2ec831f87e7"},
    {file = "Brotli-1.0.9-pp39-pypy39_pp73-win_amd64.whl", hash = "sha256:c8e521a0ce7cf690ca84b8cc2272ddaf9d8a50294fd086da67e517439614c755"},
    {file = "Brotli-1.0.9.zip", hash = "sha256:4d1b810aa0ed773f81dceda2cc7b403d01057458730e309856356d4ef4188438"},
]

[[package]]
name = "brotlicffi"
version = "1.1.0.0"
requires_python = ">=3.7"
summary = "Python CFFI bindings to the Brotli library"
dependencies = [
    "cffi>=1.0.0",
]
files = [
    {file = "brotlicffi-1.1.0.0-cp37-abi3-macosx_10_9_x86_64.whl", hash = "sha256:9b7ae6bd1a3f0df532b6d67ff674099a96d22bc0948955cb338488c31bfb8851"},
    {file = "brotlicffi-1.1.0.0-cp37-abi3-manylinux_2_17_aarch64.manylinux2014_aarch64.whl", hash = "sha256:19ffc919fa4fc6ace69286e0a23b3789b4219058313cf9b45625016bf7ff996b"},
    {file = "brotlicffi-1.1.0.0-cp37-abi3-manylinux_2_17_x86_64.manylinux2014_x86_64.whl", hash = "sha256:9feb210d932ffe7798ee62e6145d3a757eb6233aa9a4e7db78dd3690d7755814"},
    {file = "brotlicffi-1.1.0.0-cp37-abi3-manylinux_2_5_i686.manylinux1_i686.manylinux_2_17_i686.manylinux2014_i686.whl", hash = "sha256:84763dbdef5dd5c24b75597a77e1b30c66604725707565188ba54bab4f114820"},
    {file = "brotlicffi-1.1.0.0-cp37-abi3-win32.whl", hash = "sha256:1b12b50e07c3911e1efa3a8971543e7648100713d4e0971b13631cce22c587eb"},
    {file = "brotlicffi-1.1.0.0-cp37-abi3-win_amd64.whl", hash = "sha256:994a4f0681bb6c6c3b0925530a1926b7a189d878e6e5e38fae8efa47c5d9c613"},
    {file = "brotlicffi-1.1.0.0-pp310-pypy310_pp73-macosx_10_9_x86_64.whl", hash = "sha256:2e4aeb0bd2540cb91b069dbdd54d458da8c4334ceaf2d25df2f4af576d6766ca"},
    {file = "brotlicffi-1.1.0.0-pp310-pypy310_pp73-manylinux_2_17_aarch64.manylinux2014_aarch64.whl", hash = "sha256:4b7b0033b0d37bb33009fb2fef73310e432e76f688af76c156b3594389d81391"},
    {file = "brotlicffi-1.1.0.0-pp310-pypy310_pp73-manylinux_2_17_x86_64.manylinux2014_x86_64.whl", hash = "sha256:54a07bb2374a1eba8ebb52b6fafffa2afd3c4df85ddd38fcc0511f2bb387c2a8"},
    {file = "brotlicffi-1.1.0.0-pp310-pypy310_pp73-manylinux_2_5_i686.manylinux1_i686.manylinux_2_17_i686.manylinux2014_i686.whl", hash = "sha256:7901a7dc4b88f1c1475de59ae9be59799db1007b7d059817948d8e4f12e24e35"},
    {file = "brotlicffi-1.1.0.0-pp310-pypy310_pp73-win_amd64.whl", hash = "sha256:ce01c7316aebc7fce59da734286148b1d1b9455f89cf2c8a4dfce7d41db55c2d"},
    {file = "brotlicffi-1.1.0.0-pp37-pypy37_pp73-macosx_10_9_x86_64.whl", hash = "sha256:246f1d1a90279bb6069de3de8d75a8856e073b8ff0b09dcca18ccc14cec85979"},
    {file = "brotlicffi-1.1.0.0-pp37-pypy37_pp73-manylinux_2_17_aarch64.manylinux2014_aarch64.whl", hash = "sha256:cc4bc5d82bc56ebd8b514fb8350cfac4627d6b0743382e46d033976a5f80fab6"},
    {file = "brotlicffi-1.1.0.0-pp37-pypy37_pp73-manylinux_2_17_x86_64.manylinux2014_x86_64.whl", hash = "sha256:37c26ecb14386a44b118ce36e546ce307f4810bc9598a6e6cb4f7fca725ae7e6"},
    {file = "brotlicffi-1.1.0.0-pp37-pypy37_pp73-manylinux_2_5_i686.manylinux1_i686.manylinux_2_17_i686.manylinux2014_i686.whl", hash = "sha256:ca72968ae4eaf6470498d5c2887073f7efe3b1e7d7ec8be11a06a79cc810e990"},
    {file = "brotlicffi-1.1.0.0-pp37-pypy37_pp73-win_amd64.whl", hash = "sha256:add0de5b9ad9e9aa293c3aa4e9deb2b61e99ad6c1634e01d01d98c03e6a354cc"},
    {file = "brotlicffi-1.1.0.0-pp38-pypy38_pp73-macosx_10_9_x86_64.whl", hash = "sha256:9b6068e0f3769992d6b622a1cd2e7835eae3cf8d9da123d7f51ca9c1e9c333e5"},
    {file = "brotlicffi-1.1.0.0-pp38-pypy38_pp73-manylinux_2_17_aarch64.manylinux2014_aarch64.whl", hash = "sha256:8557a8559509b61e65083f8782329188a250102372576093c88930c875a69838"},
    {file = "brotlicffi-1.1.0.0-pp38-pypy38_pp73-manylinux_2_17_x86_64.manylinux2014_x86_64.whl", hash = "sha256:2a7ae37e5d79c5bdfb5b4b99f2715a6035e6c5bf538c3746abc8e26694f92f33"},
    {file = "brotlicffi-1.1.0.0-pp38-pypy38_pp73-manylinux_2_5_i686.manylinux1_i686.manylinux_2_17_i686.manylinux2014_i686.whl", hash = "sha256:391151ec86bb1c683835980f4816272a87eaddc46bb91cbf44f62228b84d8cca"},
    {file = "brotlicffi-1.1.0.0-pp38-pypy38_pp73-win_amd64.whl", hash = "sha256:2f3711be9290f0453de8eed5275d93d286abe26b08ab4a35d7452caa1fef532f"},
    {file = "brotlicffi-1.1.0.0-pp39-pypy39_pp73-macosx_10_9_x86_64.whl", hash = "sha256:1a807d760763e398bbf2c6394ae9da5815901aa93ee0a37bca5efe78d4ee3171"},
    {file = "brotlicffi-1.1.0.0-pp39-pypy39_pp73-manylinux_2_17_aarch64.manylinux2014_aarch64.whl", hash = "sha256:fa8ca0623b26c94fccc3a1fdd895be1743b838f3917300506d04aa3346fd2a14"},
    {file = "brotlicffi-1.1.0.0-pp39-pypy39_pp73-manylinux_2_17_x86_64.manylinux2014_x86_64.whl", hash = "sha256:3de0cf28a53a3238b252aca9fed1593e9d36c1d116748013339f0949bfc84112"},
    {file = "brotlicffi-1.1.0.0-pp39-pypy39_pp73-manylinux_2_5_i686.manylinux1_i686.manylinux_2_17_i686.manylinux2014_i686.whl", hash = "sha256:6be5ec0e88a4925c91f3dea2bb0013b3a2accda6f77238f76a34a1ea532a1cb0"},
    {file = "brotlicffi-1.1.0.0-pp39-pypy39_pp73-win_amd64.whl", hash = "sha256:d9eb71bb1085d996244439154387266fd23d6ad37161f6f52f1cd41dd95a3808"},
    {file = "brotlicffi-1.1.0.0.tar.gz", hash = "sha256:b77827a689905143f87915310b93b273ab17888fd43ef350d4832c4a71083c13"},
]

[[package]]
name = "cchardet"
version = "2.1.7"
summary = "cChardet is high speed universal character encoding detector."
files = [
    {file = "cchardet-2.1.7.tar.gz", hash = "sha256:c428b6336545053c2589f6caf24ea32276c6664cb86db817e03a94c60afa0eaf"},
]

[[package]]
name = "certifi"
version = "2022.12.7"
requires_python = ">=3.6"
summary = "Python package for providing Mozilla's CA Bundle."
files = [
    {file = "certifi-2022.12.7-py3-none-any.whl", hash = "sha256:4ad3232f5e926d6718ec31cfc1fcadfde020920e278684144551c91769c7bc18"},
    {file = "certifi-2022.12.7.tar.gz", hash = "sha256:35824b4c3a97115964b408844d64aa14db1cc518f6562e8d7261699d1350a9e3"},
]

[[package]]
name = "cffi"
version = "1.16.0"
requires_python = ">=3.8"
summary = "Foreign Function Interface for Python calling C code."
dependencies = [
    "pycparser",
]
files = [
    {file = "cffi-1.16.0-cp310-cp310-macosx_10_9_x86_64.whl", hash = "sha256:6b3d6606d369fc1da4fd8c357d026317fbb9c9b75d36dc16e90e84c26854b088"},
    {file = "cffi-1.16.0-cp310-cp310-macosx_11_0_arm64.whl", hash = "sha256:ac0f5edd2360eea2f1daa9e26a41db02dd4b0451b48f7c318e217ee092a213e9"},
    {file = "cffi-1.16.0-cp310-cp310-manylinux_2_12_i686.manylinux2010_i686.manylinux_2_17_i686.manylinux2014_i686.whl", hash = "sha256:7e61e3e4fa664a8588aa25c883eab612a188c725755afff6289454d6362b9673"},
    {file = "cffi-1.16.0-cp310-cp310-manylinux_2_17_aarch64.manylinux2014_aarch64.whl", hash = "sha256:a72e8961a86d19bdb45851d8f1f08b041ea37d2bd8d4fd19903bc3083d80c896"},
    {file = "cffi-1.16.0-cp310-cp310-manylinux_2_17_ppc64le.manylinux2014_ppc64le.whl", hash = "sha256:5b50bf3f55561dac5438f8e70bfcdfd74543fd60df5fa5f62d94e5867deca684"},
    {file = "cffi-1.16.0-cp310-cp310-manylinux_2_17_s390x.manylinux2014_s390x.whl", hash = "sha256:7651c50c8c5ef7bdb41108b7b8c5a83013bfaa8a935590c5d74627c047a583c7"},
    {file = "cffi-1.16.0-cp310-cp310-manylinux_2_17_x86_64.manylinux2014_x86_64.whl", hash = "sha256:e4108df7fe9b707191e55f33efbcb2d81928e10cea45527879a4749cbe472614"},
    {file = "cffi-1.16.0-cp310-cp310-musllinux_1_1_i686.whl", hash = "sha256:32c68ef735dbe5857c810328cb2481e24722a59a2003018885514d4c09af9743"},
    {file = "cffi-1.16.0-cp310-cp310-musllinux_1_1_x86_64.whl", hash = "sha256:673739cb539f8cdaa07d92d02efa93c9ccf87e345b9a0b556e3ecc666718468d"},
    {file = "cffi-1.16.0-cp310-cp310-win32.whl", hash = "sha256:9f90389693731ff1f659e55c7d1640e2ec43ff725cc61b04b2f9c6d8d017df6a"},
    {file = "cffi-1.16.0-cp310-cp310-win_amd64.whl", hash = "sha256:e6024675e67af929088fda399b2094574609396b1decb609c55fa58b028a32a1"},
    {file = "cffi-1.16.0.tar.gz", hash = "sha256:bcb3ef43e58665bbda2fb198698fcae6776483e0c4a631aa5647806c25e02cc0"},
]

[[package]]
name = "click"
version = "8.1.3"
requires_python = ">=3.7"
summary = "Composable command line interface toolkit"
dependencies = [
    "colorama; platform_system == \"Windows\"",
]
files = [
    {file = "click-8.1.3-py3-none-any.whl", hash = "sha256:bb4d8133cb15a609f44e8213d9b391b0809795062913b383c62be0ee95b1db48"},
    {file = "click-8.1.3.tar.gz", hash = "sha256:7682dc8afb30297001674575ea00d1814d808d6a36af415a82bd481d37ba7b8e"},
]

[[package]]
name = "colorama"
version = "0.4.6"
requires_python = "!=3.0.*,!=3.1.*,!=3.2.*,!=3.3.*,!=3.4.*,!=3.5.*,!=3.6.*,>=2.7"
summary = "Cross-platform colored terminal text."
files = [
    {file = "colorama-0.4.6-py2.py3-none-any.whl", hash = "sha256:4f1d9991f5acc0ca119f9d443620b77f9d6b33703e51011c16baf57afb285fc6"},
    {file = "colorama-0.4.6.tar.gz", hash = "sha256:08695f5cb7ed6e0531a20572697297273c47b8cae5a63ffc6d6ed5c201be6e44"},
]

[[package]]
name = "commonmark"
version = "0.9.1"
summary = "Python parser for the CommonMark Markdown spec"
files = [
    {file = "commonmark-0.9.1-py2.py3-none-any.whl", hash = "sha256:da2f38c92590f83de410ba1a3cbceafbc74fee9def35f9251ba9a971d6d66fd9"},
    {file = "commonmark-0.9.1.tar.gz", hash = "sha256:452f9dc859be7f06631ddcb328b6919c67984aca654e5fefb3914d54691aed60"},
]

[[package]]
name = "deprecated"
version = "1.2.13"
requires_python = ">=2.7, !=3.0.*, !=3.1.*, !=3.2.*, !=3.3.*"
summary = "Python @deprecated decorator to deprecate old python classes, functions or methods."
dependencies = [
    "wrapt<2,>=1.10",
]
files = [
    {file = "Deprecated-1.2.13-py2.py3-none-any.whl", hash = "sha256:64756e3e14c8c5eea9795d93c524551432a0be75629f8f29e67ab8caf076c76d"},
    {file = "Deprecated-1.2.13.tar.gz", hash = "sha256:43ac5335da90c31c24ba028af536a91d41d53f9e6901ddb021bcc572ce44e38d"},
]

[[package]]
name = "deta"
version = "1.2.0"
summary = "Python SDK for Deta Base & Deta Drive."
files = [
    {file = "deta-1.2.0-py3-none-any.whl", hash = "sha256:f1592b8e1809c6d284754521c8bddc236736ed50df8cfecdde3ad4e86fdd8860"},
    {file = "deta-1.2.0.tar.gz", hash = "sha256:2573504fc07f05e1118175221ebe2bbfb822b9903f8f268bf851613a5b279557"},
]

[[package]]
name = "flask"
version = "3.0.0"
requires_python = ">=3.8"
summary = "A simple framework for building complex web applications."
dependencies = [
    "Jinja2>=3.1.2",
    "Werkzeug>=3.0.0",
    "blinker>=1.6.2",
    "click>=8.1.3",
    "itsdangerous>=2.1.2",
]
files = [
    {file = "flask-3.0.0-py3-none-any.whl", hash = "sha256:21128f47e4e3b9d597a3e8521a329bf56909b690fcc3fa3e477725aa81367638"},
    {file = "flask-3.0.0.tar.gz", hash = "sha256:cfadcdb638b609361d29ec22360d6070a77d7463dcb3ab08d2c2f2f168845f58"},
]

[[package]]
name = "flask-compress"
version = "1.14"
summary = "Compress responses in your Flask app with gzip, deflate or brotli."
dependencies = [
    "brotli; platform_python_implementation != \"PyPy\"",
    "brotlicffi; platform_python_implementation == \"PyPy\"",
    "flask",
]
files = [
    {file = "Flask-Compress-1.14.tar.gz", hash = "sha256:e46528f37b91857012be38e24e65db1a248662c3dc32ee7808b5986bf1d123ee"},
    {file = "Flask_Compress-1.14-py3-none-any.whl", hash = "sha256:b86c9808f0f38ea2246c9730972cf978f2cdf6a9a1a69102ba81e07891e6b26c"},
]

[[package]]
name = "flask-cors"
version = "4.0.0"
summary = "A Flask extension adding a decorator for CORS support"
dependencies = [
    "Flask>=0.9",
]
files = [
    {file = "Flask-Cors-4.0.0.tar.gz", hash = "sha256:f268522fcb2f73e2ecdde1ef45e2fd5c71cc48fe03cffb4b441c6d1b40684eb0"},
    {file = "Flask_Cors-4.0.0-py2.py3-none-any.whl", hash = "sha256:bc3492bfd6368d27cfe79c7821df5a8a319e1a6d5eab277a3794be19bdc51783"},
]

[[package]]
name = "flask-limiter"
version = "3.5.0"
requires_python = ">=3.7"
summary = "Rate limiting for flask applications"
dependencies = [
    "Flask>=2",
    "limits>=2.8",
    "ordered-set<5,>4",
    "rich<14,>=12",
    "typing-extensions>=4",
]
files = [
    {file = "Flask-Limiter-3.5.0.tar.gz", hash = "sha256:13a3491b994c49f7cb4706587a38ca47e8162b576530472df38be68104f299c0"},
    {file = "Flask_Limiter-3.5.0-py3-none-any.whl", hash = "sha256:dbda4174f44e6cb858c6eb75e7488186f2977dd5d33d7028ba1aabf179de1bee"},
]

[[package]]
name = "gunicorn"
version = "21.2.0"
requires_python = ">=3.5"
summary = "WSGI HTTP Server for UNIX"
dependencies = [
    "packaging",
]
files = [
    {file = "gunicorn-21.2.0-py3-none-any.whl", hash = "sha256:3213aa5e8c24949e792bcacfc176fef362e7aac80b76c56f6b5122bf350722f0"},
    {file = "gunicorn-21.2.0.tar.gz", hash = "sha256:88ec8bff1d634f98e61b9f65bc4bf3cd918a90806c6f5c48bc5603849ec81033"},
]

[[package]]
name = "h11"
version = "0.14.0"
requires_python = ">=3.7"
summary = "A pure-Python, bring-your-own-I/O implementation of HTTP/1.1"
files = [
    {file = "h11-0.14.0-py3-none-any.whl", hash = "sha256:e3fe4ac4b851c468cc8363d500db52c2ead036020723024a109d37346efaa761"},
    {file = "h11-0.14.0.tar.gz", hash = "sha256:8f19fbbe99e72420ff35c00b27a34cb9937e902a8b810e2c88300c6f0a3b699d"},
]

[[package]]
name = "httpcore"
version = "1.0.2"
requires_python = ">=3.8"
summary = "A minimal low-level HTTP client."
dependencies = [
    "certifi",
    "h11<0.15,>=0.13",
]
files = [
    {file = "httpcore-1.0.2-py3-none-any.whl", hash = "sha256:096cc05bca73b8e459a1fc3dcf585148f63e534eae4339559c9b8a8d6399acc7"},
    {file = "httpcore-1.0.2.tar.gz", hash = "sha256:9fc092e4799b26174648e54b74ed5f683132a464e95643b226e00c2ed2fa6535"},
]

[[package]]
name = "httpx"
version = "0.26.0"
requires_python = ">=3.8"
summary = "The next generation HTTP client."
dependencies = [
    "anyio",
    "certifi",
    "httpcore==1.*",
    "idna",
    "sniffio",
]
files = [
    {file = "httpx-0.26.0-py3-none-any.whl", hash = "sha256:8915f5a3627c4d47b73e8202457cb28f1266982d1159bd5779d86a80c0eab1cd"},
    {file = "httpx-0.26.0.tar.gz", hash = "sha256:451b55c30d5185ea6b23c2c793abf9bb237d2a7dfb901ced6ff69ad37ec1dfaf"},
]

[[package]]
name = "humanize"
version = "4.9.0"
requires_python = ">=3.8"
summary = "Python humanize utilities"
files = [
    {file = "humanize-4.9.0-py3-none-any.whl", hash = "sha256:ce284a76d5b1377fd8836733b983bfb0b76f1aa1c090de2566fcf008d7f6ab16"},
    {file = "humanize-4.9.0.tar.gz", hash = "sha256:582a265c931c683a7e9b8ed9559089dea7edcf6cc95be39a3cbc2c5d5ac2bcfa"},
]

[[package]]
name = "idna"
version = "3.4"
requires_python = ">=3.5"
summary = "Internationalized Domain Names in Applications (IDNA)"
files = [
    {file = "idna-3.4-py3-none-any.whl", hash = "sha256:90b77e79eaa3eba6de819a0c442c0b4ceefc341a7a2ab77d7562bf49f425c5c2"},
    {file = "idna-3.4.tar.gz", hash = "sha256:814f528e8dead7d329833b91c5faa87d60bf71824cd12a7530b5526063d02cb4"},
]

[[package]]
name = "itsdangerous"
version = "2.1.2"
requires_python = ">=3.7"
summary = "Safely pass data to untrusted environments and back."
files = [
    {file = "itsdangerous-2.1.2-py3-none-any.whl", hash = "sha256:2c2349112351b88699d8d4b6b075022c0808887cb7ad10069318a8b0bc88db44"},
    {file = "itsdangerous-2.1.2.tar.gz", hash = "sha256:5dbbc68b317e5e42f327f9021763545dc3fc3bfe22e6deb96aaf1fc38874156a"},
]

[[package]]
name = "jinja2"
version = "3.1.2"
requires_python = ">=3.7"
summary = "A very fast and expressive template engine."
dependencies = [
    "MarkupSafe>=2.0",
]
files = [
    {file = "Jinja2-3.1.2-py3-none-any.whl", hash = "sha256:6088930bfe239f0e6710546ab9c19c9ef35e29792895fed6e6e31a023a182a61"},
    {file = "Jinja2-3.1.2.tar.gz", hash = "sha256:31351a702a408a9e7595a8fc6150fc3f43bb6bf7e319770cbc0db9df9437e852"},
]

[[package]]
name = "limits"
version = "2.8.0"
requires_python = ">=3.7"
summary = "Rate limiting utilities"
dependencies = [
    "deprecated>=1.2",
    "packaging<23,>=21",
    "setuptools",
    "typing-extensions",
]
files = [
    {file = "limits-2.8.0-py3-none-any.whl", hash = "sha256:ee19e9a98dd392d52dd62cfc28d93710eb29a22cf9834c21c16ee19367c4d596"},
    {file = "limits-2.8.0.tar.gz", hash = "sha256:b47e01c48b3b677c7230cb51775ebe7c30a574e9711dc68499dab810ed883bb9"},
]

[[package]]
name = "lxml"
version = "4.9.4"
requires_python = ">=2.7, !=3.0.*, !=3.1.*, !=3.2.*, !=3.3.*, != 3.4.*"
summary = "Powerful and Pythonic XML processing library combining libxml2/libxslt with the ElementTree API."
files = [
    {file = "lxml-4.9.4-cp310-cp310-macosx_11_0_x86_64.whl", hash = "sha256:056a17eaaf3da87a05523472ae84246f87ac2f29a53306466c22e60282e54ff8"},
    {file = "lxml-4.9.4-cp310-cp310-manylinux_2_12_i686.manylinux2010_i686.manylinux_2_24_i686.whl", hash = "sha256:aaa5c173a26960fe67daa69aa93d6d6a1cd714a6eb13802d4e4bd1d24a530644"},
    {file = "lxml-4.9.4-cp310-cp310-manylinux_2_17_aarch64.manylinux2014_aarch64.manylinux_2_24_aarch64.whl", hash = "sha256:647459b23594f370c1c01768edaa0ba0959afc39caeeb793b43158bb9bb6a663"},
    {file = "lxml-4.9.4-cp310-cp310-manylinux_2_17_x86_64.manylinux2014_x86_64.manylinux_2_24_x86_64.whl", hash = "sha256:bdd9abccd0927673cffe601d2c6cdad1c9321bf3437a2f507d6b037ef91ea307"},
    {file = "lxml-4.9.4-cp310-cp310-manylinux_2_28_x86_64.whl", hash = "sha256:00e91573183ad273e242db5585b52670eddf92bacad095ce25c1e682da14ed91"},
    {file = "lxml-4.9.4-cp310-cp310-musllinux_1_1_aarch64.whl", hash = "sha256:a602ed9bd2c7d85bd58592c28e101bd9ff9c718fbde06545a70945ffd5d11868"},
    {file = "lxml-4.9.4-cp310-cp310-musllinux_1_1_x86_64.whl", hash = "sha256:de362ac8bc962408ad8fae28f3967ce1a262b5d63ab8cefb42662566737f1dc7"},
    {file = "lxml-4.9.4-cp310-cp310-win32.whl", hash = "sha256:33714fcf5af4ff7e70a49731a7cc8fd9ce910b9ac194f66eaa18c3cc0a4c02be"},
    {file = "lxml-4.9.4-cp310-cp310-win_amd64.whl", hash = "sha256:d3caa09e613ece43ac292fbed513a4bce170681a447d25ffcbc1b647d45a39c5"},
    {file = "lxml-4.9.4-pp310-pypy310_pp73-macosx_11_0_x86_64.whl", hash = "sha256:f6c35b2f87c004270fa2e703b872fcc984d714d430b305145c39d53074e1ffe0"},
    {file = "lxml-4.9.4-pp310-pypy310_pp73-manylinux_2_28_x86_64.whl", hash = "sha256:606d445feeb0856c2b424405236a01c71af7c97e5fe42fbc778634faef2b47e4"},
    {file = "lxml-4.9.4-pp310-pypy310_pp73-win_amd64.whl", hash = "sha256:a1bdcbebd4e13446a14de4dd1825f1e778e099f17f79718b4aeaf2403624b0f7"},
    {file = "lxml-4.9.4-pp37-pypy37_pp73-manylinux_2_12_i686.manylinux2010_i686.manylinux_2_24_i686.whl", hash = "sha256:0a08c89b23117049ba171bf51d2f9c5f3abf507d65d016d6e0fa2f37e18c0fc5"},
    {file = "lxml-4.9.4-pp37-pypy37_pp73-manylinux_2_17_x86_64.manylinux2014_x86_64.manylinux_2_24_x86_64.whl", hash = "sha256:232fd30903d3123be4c435fb5159938c6225ee8607b635a4d3fca847003134ba"},
    {file = "lxml-4.9.4-pp37-pypy37_pp73-manylinux_2_28_x86_64.whl", hash = "sha256:231142459d32779b209aa4b4d460b175cadd604fed856f25c1571a9d78114771"},
    {file = "lxml-4.9.4-pp38-pypy38_pp73-macosx_11_0_x86_64.whl", hash = "sha256:520486f27f1d4ce9654154b4494cf9307b495527f3a2908ad4cb48e4f7ed7ef7"},
    {file = "lxml-4.9.4-pp38-pypy38_pp73-manylinux_2_12_i686.manylinux2010_i686.manylinux_2_24_i686.whl", hash = "sha256:562778586949be7e0d7435fcb24aca4810913771f845d99145a6cee64d5b67ca"},
    {file = "lxml-4.9.4-pp38-pypy38_pp73-manylinux_2_17_x86_64.manylinux2014_x86_64.manylinux_2_24_x86_64.whl", hash = "sha256:a9e7c6d89c77bb2770c9491d988f26a4b161d05c8ca58f63fb1f1b6b9a74be45"},
    {file = "lxml-4.9.4-pp38-pypy38_pp73-manylinux_2_28_x86_64.whl", hash = "sha256:786d6b57026e7e04d184313c1359ac3d68002c33e4b1042ca58c362f1d09ff58"},
    {file = "lxml-4.9.4-pp38-pypy38_pp73-win_amd64.whl", hash = "sha256:95ae6c5a196e2f239150aa4a479967351df7f44800c93e5a975ec726fef005e2"},
    {file = "lxml-4.9.4-pp39-pypy39_pp73-macosx_11_0_x86_64.whl", hash = "sha256:9b556596c49fa1232b0fff4b0e69b9d4083a502e60e404b44341e2f8fb7187f5"},
    {file = "lxml-4.9.4-pp39-pypy39_pp73-manylinux_2_12_i686.manylinux2010_i686.manylinux_2_24_i686.whl", hash = "sha256:cc02c06e9e320869d7d1bd323df6dd4281e78ac2e7f8526835d3d48c69060683"},
    {file = "lxml-4.9.4-pp39-pypy39_pp73-manylinux_2_17_x86_64.manylinux2014_x86_64.manylinux_2_24_x86_64.whl", hash = "sha256:857d6565f9aa3464764c2cb6a2e3c2e75e1970e877c188f4aeae45954a314e0c"},
    {file = "lxml-4.9.4-pp39-pypy39_pp73-manylinux_2_28_x86_64.whl", hash = "sha256:c42ae7e010d7d6bc51875d768110c10e8a59494855c3d4c348b068f5fb81fdcd"},
    {file = "lxml-4.9.4-pp39-pypy39_pp73-win_amd64.whl", hash = "sha256:f10250bb190fb0742e3e1958dd5c100524c2cc5096c67c8da51233f7448dc137"},
    {file = "lxml-4.9.4.tar.gz", hash = "sha256:b1541e50b78e15fa06a2670157a1962ef06591d4c998b998047fff5e3236880e"},
]

[[package]]
name = "markupsafe"
version = "2.1.1"
requires_python = ">=3.7"
summary = "Safely add untrusted strings to HTML/XML markup."
files = [
    {file = "MarkupSafe-2.1.1-cp310-cp310-macosx_10_9_universal2.whl", hash = "sha256:86b1f75c4e7c2ac2ccdaec2b9022845dbb81880ca318bb7a0a01fbf7813e3812"},
    {file = "MarkupSafe-2.1.1-cp310-cp310-macosx_10_9_x86_64.whl", hash = "sha256:f121a1420d4e173a5d96e47e9a0c0dcff965afdf1626d28de1460815f7c4ee7a"},
    {file = "MarkupSafe-2.1.1-cp310-cp310-manylinux_2_17_aarch64.manylinux2014_aarch64.whl", hash = "sha256:a49907dd8420c5685cfa064a1335b6754b74541bbb3706c259c02ed65b644b3e"},
    {file = "MarkupSafe-2.1.1-cp310-cp310-manylinux_2_17_x86_64.manylinux2014_x86_64.whl", hash = "sha256:10c1bfff05d95783da83491be968e8fe789263689c02724e0c691933c52994f5"},
    {file = "MarkupSafe-2.1.1-cp310-cp310-manylinux_2_5_i686.manylinux1_i686.manylinux_2_17_i686.manylinux2014_i686.whl", hash = "sha256:b7bd98b796e2b6553da7225aeb61f447f80a1ca64f41d83612e6139ca5213aa4"},
    {file = "MarkupSafe-2.1.1-cp310-cp310-musllinux_1_1_aarch64.whl", hash = "sha256:b09bf97215625a311f669476f44b8b318b075847b49316d3e28c08e41a7a573f"},
    {file = "MarkupSafe-2.1.1-cp310-cp310-musllinux_1_1_i686.whl", hash = "sha256:694deca8d702d5db21ec83983ce0bb4b26a578e71fbdbd4fdcd387daa90e4d5e"},
    {file = "MarkupSafe-2.1.1-cp310-cp310-musllinux_1_1_x86_64.whl", hash = "sha256:efc1913fd2ca4f334418481c7e595c00aad186563bbc1ec76067848c7ca0a933"},
    {file = "MarkupSafe-2.1.1-cp310-cp310-win32.whl", hash = "sha256:4a33dea2b688b3190ee12bd7cfa29d39c9ed176bda40bfa11099a3ce5d3a7ac6"},
    {file = "MarkupSafe-2.1.1-cp310-cp310-win_amd64.whl", hash = "sha256:dda30ba7e87fbbb7eab1ec9f58678558fd9a6b8b853530e176eabd064da81417"},
    {file = "MarkupSafe-2.1.1.tar.gz", hash = "sha256:7f91197cc9e48f989d12e4e6fbc46495c446636dfc81b9ccf50bb0ec74b91d4b"},
]

[[package]]
name = "ordered-set"
version = "4.1.0"
requires_python = ">=3.7"
summary = "An OrderedSet is a custom MutableSet that remembers its order, so that every"
files = [
    {file = "ordered-set-4.1.0.tar.gz", hash = "sha256:694a8e44c87657c59292ede72891eb91d34131f6531463aab3009191c77364a8"},
    {file = "ordered_set-4.1.0-py3-none-any.whl", hash = "sha256:046e1132c71fcf3330438a539928932caf51ddbc582496833e23de611de14562"},
]

[[package]]
name = "orjson"
version = "3.9.10"
requires_python = ">=3.8"
summary = "Fast, correct Python JSON library supporting dataclasses, datetimes, and numpy"
files = [
    {file = "orjson-3.9.10-cp310-cp310-macosx_10_15_x86_64.macosx_11_0_arm64.macosx_10_15_universal2.whl", hash = "sha256:c18a4da2f50050a03d1da5317388ef84a16013302a5281d6f64e4a3f406aabc4"},
    {file = "orjson-3.9.10-cp310-cp310-manylinux_2_17_aarch64.manylinux2014_aarch64.whl", hash = "sha256:5148bab4d71f58948c7c39d12b14a9005b6ab35a0bdf317a8ade9a9e4d9d0bd5"},
    {file = "orjson-3.9.10-cp310-cp310-manylinux_2_17_armv7l.manylinux2014_armv7l.whl", hash = "sha256:4cf7837c3b11a2dfb589f8530b3cff2bd0307ace4c301e8997e95c7468c1378e"},
    {file = "orjson-3.9.10-cp310-cp310-manylinux_2_17_ppc64le.manylinux2014_ppc64le.whl", hash = "sha256:c62b6fa2961a1dcc51ebe88771be5319a93fd89bd247c9ddf732bc250507bc2b"},
    {file = "orjson-3.9.10-cp310-cp310-manylinux_2_17_s390x.manylinux2014_s390x.whl", hash = "sha256:deeb3922a7a804755bbe6b5be9b312e746137a03600f488290318936c1a2d4dc"},
    {file = "orjson-3.9.10-cp310-cp310-manylinux_2_17_x86_64.manylinux2014_x86_64.whl", hash = "sha256:1234dc92d011d3554d929b6cf058ac4a24d188d97be5e04355f1b9223e98bbe9"},
    {file = "orjson-3.9.10-cp310-cp310-musllinux_1_1_aarch64.whl", hash = "sha256:06ad5543217e0e46fd7ab7ea45d506c76f878b87b1b4e369006bdb01acc05a83"},
    {file = "orjson-3.9.10-cp310-cp310-musllinux_1_1_x86_64.whl", hash = "sha256:4fd72fab7bddce46c6826994ce1e7de145ae1e9e106ebb8eb9ce1393ca01444d"},
    {file = "orjson-3.9.10-cp310-none-win32.whl", hash = "sha256:b5b7d4a44cc0e6ff98da5d56cde794385bdd212a86563ac321ca64d7f80c80d1"},
    {file = "orjson-3.9.10-cp310-none-win_amd64.whl", hash = "sha256:61804231099214e2f84998316f3238c4c2c4aaec302df12b21a64d72e2a135c7"},
    {file = "orjson-3.9.10.tar.gz", hash = "sha256:9ebbdbd6a046c304b1845e96fbcc5559cd296b4dfd3ad2509e33c4d9ce07d6a1"},
]

[[package]]
name = "packaging"
version = "22.0"
requires_python = ">=3.7"
summary = "Core utilities for Python packages"
files = [
    {file = "packaging-22.0-py3-none-any.whl", hash = "sha256:957e2148ba0e1a3b282772e791ef1d8083648bc131c8ab0c1feba110ce1146c3"},
    {file = "packaging-22.0.tar.gz", hash = "sha256:2198ec20bd4c017b8f9717e00f0c8714076fc2fd93816750ab48e2c41de2cfd3"},
]

[[package]]
name = "pycparser"
version = "2.21"
requires_python = ">=2.7, !=3.0.*, !=3.1.*, !=3.2.*, !=3.3.*"
summary = "C parser in Python"
files = [
    {file = "pycparser-2.21-py2.py3-none-any.whl", hash = "sha256:8ee45429555515e1f6b185e78100aea234072576aa43ab53aefcae078162fca9"},
    {file = "pycparser-2.21.tar.gz", hash = "sha256:e644fdec12f7872f86c58ff790da456218b10f863970249516d60a5eaca77206"},
]

[[package]]
name = "pygments"
version = "2.13.0"
requires_python = ">=3.6"
summary = "Pygments is a syntax highlighting package written in Python."
files = [
    {file = "Pygments-2.13.0-py3-none-any.whl", hash = "sha256:f643f331ab57ba3c9d89212ee4a2dabc6e94f117cf4eefde99a0574720d14c42"},
    {file = "Pygments-2.13.0.tar.gz", hash = "sha256:56a8508ae95f98e2b9bdf93a6be5ae3f7d8af858b43e02c5a2ff083726be40c1"},
]

[[package]]
name = "python-dotenv"
version = "1.0.0"
requires_python = ">=3.8"
summary = "Read key-value pairs from a .env file and set them as environment variables"
files = [
    {file = "python-dotenv-1.0.0.tar.gz", hash = "sha256:a8df96034aae6d2d50a4ebe8216326c61c3eb64836776504fcca410e5937a3ba"},
    {file = "python_dotenv-1.0.0-py3-none-any.whl", hash = "sha256:f5971a9226b701070a4bf2c38c89e5a3f0d64de8debda981d1db98583009122a"},
]

[[package]]
name = "rapidfuzz"
version = "3.6.0"
requires_python = ">=3.8"
summary = "rapid fuzzy string matching"
files = [
    {file = "rapidfuzz-3.6.0-cp310-cp310-macosx_10_9_universal2.whl", hash = "sha256:b21e65818a7e4846bacfa1bd77bc337b02107cc88a7b262dbaeb7944e0c8958d"},
    {file = "rapidfuzz-3.6.0-cp310-cp310-macosx_10_9_x86_64.whl", hash = "sha256:3bf1f610954ec936d87d58eb0247af61e35c41a92c30f3cfe0478baf764558bf"},
    {file = "rapidfuzz-3.6.0-cp310-cp310-macosx_11_0_arm64.whl", hash = "sha256:d7a4b458096be3b39bf5778e26ac96ac10399b8e4fd40a03fd55a155c093acf5"},
    {file = "rapidfuzz-3.6.0-cp310-cp310-manylinux_2_17_aarch64.manylinux2014_aarch64.whl", hash = "sha256:a09cdfd9c1a11a91e207df138aa2e20a9267cf5f7cde6e9a53a4551454b06333"},
    {file = "rapidfuzz-3.6.0-cp310-cp310-manylinux_2_17_i686.manylinux2014_i686.whl", hash = "sha256:514b15338b7f59b80bbe014d1ffc0093d17abf96f82eb20d8bb573ce24d84a12"},
    {file = "rapidfuzz-3.6.0-cp310-cp310-manylinux_2_17_ppc64le.manylinux2014_ppc64le.whl", hash = "sha256:e4ba08ba184e530a770b0fc8897f4ce77ae0863039e139ef3180502b37586fec"},
    {file = "rapidfuzz-3.6.0-cp310-cp310-manylinux_2_17_s390x.manylinux2014_s390x.whl", hash = "sha256:195cc2a216223ff6118a1eb6cddb077cd264bc828ba7064ebb6e3bc61dd9d864"},
    {file = "rapidfuzz-3.6.0-cp310-cp310-manylinux_2_17_x86_64.manylinux2014_x86_64.whl", hash = "sha256:9a743db763cba0aad39e8c8c6a6d1210247cb468f514891632211adad3935a29"},
    {file = "rapidfuzz-3.6.0-cp310-cp310-musllinux_1_1_aarch64.whl", hash = "sha256:2a317f1a7c318957bd5ca54bf8258263936320c49857fac69c5ed0b10c81ef0d"},
    {file = "rapidfuzz-3.6.0-cp310-cp310-musllinux_1_1_i686.whl", hash = "sha256:96d46e9664c53b07f446ceb0f09973a46766e0fd4a26904e75f067ed78f07db2"},
    {file = "rapidfuzz-3.6.0-cp310-cp310-musllinux_1_1_ppc64le.whl", hash = "sha256:12eaf1aed5b0ded8c4b638a892b4fda53bf6f9f2d8597d8507ba6d697a34170a"},
    {file = "rapidfuzz-3.6.0-cp310-cp310-musllinux_1_1_s390x.whl", hash = "sha256:b9b7baab3245df24447c5dbd6d6ca4ce400e3bb088ffe6c994407c16852157b6"},
    {file = "rapidfuzz-3.6.0-cp310-cp310-musllinux_1_1_x86_64.whl", hash = "sha256:7927fff9dd2a34522704c665f9846e0f13e1824f014af8f14294858921bed731"},
    {file = "rapidfuzz-3.6.0-cp310-cp310-win32.whl", hash = "sha256:9557792003addc7e141e63fd60edc8d77bbd983c212f0f1683bf542cb0d396d9"},
    {file = "rapidfuzz-3.6.0-cp310-cp310-win_amd64.whl", hash = "sha256:4c1de6260975d5589374abca04a76c3e968907ccdc6daf5f9dd2b4cca1a7a64d"},
    {file = "rapidfuzz-3.6.0-cp310-cp310-win_arm64.whl", hash = "sha256:ac328c83d49811b36e2699d5132193c5a82139e1a3d0b340babc1bce7428754e"},
    {file = "rapidfuzz-3.6.0-pp38-pypy38_pp73-macosx_10_9_x86_64.whl", hash = "sha256:a5a76e488060fde32bfd2dc789821da95ca172a718752d0e65a2b168c7742612"},
    {file = "rapidfuzz-3.6.0-pp38-pypy38_pp73-manylinux_2_17_aarch64.manylinux2014_aarch64.whl", hash = "sha256:454ecaf9bd547b8a7ff8f461f5b25bd60ec15800ff2fab562e663732f53f0829"},
    {file = "rapidfuzz-3.6.0-pp38-pypy38_pp73-manylinux_2_17_i686.manylinux2014_i686.whl", hash = "sha256:392effa32f235b2b30c9f00ece8002e21255fbbffa0ce0d4a1cbcbb88e02d019"},
    {file = "rapidfuzz-3.6.0-pp38-pypy38_pp73-manylinux_2_17_x86_64.manylinux2014_x86_64.whl", hash = "sha256:fad2c70768f83a1f202c191f0e4a3ef3d376659728a4602b22dc62bd7f118973"},
    {file = "rapidfuzz-3.6.0-pp38-pypy38_pp73-win_amd64.whl", hash = "sha256:3fce2489072ae2362abeabdc7745a5b9eb0ff4291c7a69be2318025e1184f016"},
    {file = "rapidfuzz-3.6.0-pp39-pypy39_pp73-macosx_10_9_x86_64.whl", hash = "sha256:c715df0f21116e830c666d35ea413d528501c50079079ecaa5904ec244661992"},
    {file = "rapidfuzz-3.6.0-pp39-pypy39_pp73-manylinux_2_17_aarch64.manylinux2014_aarch64.whl", hash = "sha256:be2e2b96ea1fcefe0a2ed2560fd33a510dc8afe8e93062e111b40d1cb0e34b6a"},
    {file = "rapidfuzz-3.6.0-pp39-pypy39_pp73-manylinux_2_17_i686.manylinux2014_i686.whl", hash = "sha256:adbc4686e7252b97ef344fb9fb05080c8524ac2e77a20e835d166b8330024ac3"},
    {file = "rapidfuzz-3.6.0-pp39-pypy39_pp73-manylinux_2_17_x86_64.manylinux2014_x86_64.whl", hash = "sha256:306ca0358fc7d2e4660de3fce782bfea9c6bf443d60f9134ea8d4b8e8f1869e3"},
    {file = "rapidfuzz-3.6.0-pp39-pypy39_pp73-win_amd64.whl", hash = "sha256:db23d692ba27f58e5b97c724005e6a478168cb41af5d793bbc5478cb52842306"},
    {file = "rapidfuzz-3.6.0.tar.gz", hash = "sha256:4cdf564c3eeb2d95148bd7199e7869fa927f47cc3aea42f299aa836cfb2b6cfd"},
]

[[package]]
name = "rich"
version = "12.6.0"
requires_python = ">=3.6.3,<4.0.0"
summary = "Render rich text, tables, progress bars, syntax highlighting, markdown and more to the terminal"
dependencies = [
    "commonmark<0.10.0,>=0.9.0",
    "pygments<3.0.0,>=2.6.0",
]
files = [
    {file = "rich-12.6.0-py3-none-any.whl", hash = "sha256:a4eb26484f2c82589bd9a17c73d32a010b1e29d89f1604cd9bf3a2097b81bb5e"},
    {file = "rich-12.6.0.tar.gz", hash = "sha256:ba3a3775974105c221d31141f2c116f4fd65c5ceb0698657a11e9f295ec93fd0"},
]

[[package]]
name = "round-nutrition"
version = "1.1.1"
summary = "Round nutritional values for federal compliance"
files = [
    {file = "round-nutrition-1.1.1.tar.gz", hash = "sha256:d239ad41552fbf1c0f06b1ea05f13a57bc6da06c694fa4d868a4a4362062f63d"},
    {file = "round_nutrition-1.1.1-py3-none-any.whl", hash = "sha256:fa0b57e58ebaca8e7dc660b710b101c86f74c12e65319f49be24646d8726e35c"},
]

[[package]]
name = "schedule"
version = "1.2.1"
requires_python = ">=3.7"
summary = "Job scheduling for humans."
files = [
    {file = "schedule-1.2.1-py2.py3-none-any.whl", hash = "sha256:14cdeb083a596aa1de6dc77639a1b2ac8bf6eaafa82b1c9279d3612823063d01"},
    {file = "schedule-1.2.1.tar.gz", hash = "sha256:843bc0538b99c93f02b8b50e3e39886c06f2d003b24f48e1aa4cadfa3f341279"},
]

[[package]]
name = "sentry-sdk"
version = "1.39.1"
summary = "Python client for Sentry (https://sentry.io)"
dependencies = [
    "certifi",
    "urllib3>=1.26.11; python_version >= \"3.6\"",
]
files = [
    {file = "sentry-sdk-1.39.1.tar.gz", hash = "sha256:320a55cdf9da9097a0bead239c35b7e61f53660ef9878861824fd6d9b2eaf3b5"},
    {file = "sentry_sdk-1.39.1-py2.py3-none-any.whl", hash = "sha256:81b5b9ffdd1a374e9eb0c053b5d2012155db9cbe76393a8585677b753bd5fdc1"},
]

[[package]]
name = "sentry-sdk"
version = "1.39.1"
extras = ["flask"]
summary = "Python client for Sentry (https://sentry.io)"
dependencies = [
    "blinker>=1.1",
    "flask>=0.11",
    "markupsafe",
    "sentry-sdk==1.39.1",
]
files = [
    {file = "sentry-sdk-1.39.1.tar.gz", hash = "sha256:320a55cdf9da9097a0bead239c35b7e61f53660ef9878861824fd6d9b2eaf3b5"},
    {file = "sentry_sdk-1.39.1-py2.py3-none-any.whl", hash = "sha256:81b5b9ffdd1a374e9eb0c053b5d2012155db9cbe76393a8585677b753bd5fdc1"},
]

[[package]]
name = "setuptools"
version = "65.6.3"
requires_python = ">=3.7"
summary = "Easily download, build, install, upgrade, and uninstall Python packages"
files = [
    {file = "setuptools-65.6.3-py3-none-any.whl", hash = "sha256:57f6f22bde4e042978bcd50176fdb381d7c21a9efa4041202288d3737a0c6a54"},
    {file = "setuptools-65.6.3.tar.gz", hash = "sha256:a7620757bf984b58deaf32fc8a4577a9bbc0850cf92c20e1ce41c38c19e5fb75"},
]

[[package]]
name = "sniffio"
version = "1.3.0"
requires_python = ">=3.7"
summary = "Sniff out which async library your code is running under"
files = [
    {file = "sniffio-1.3.0-py3-none-any.whl", hash = "sha256:eecefdce1e5bbfb7ad2eeaabf7c1eeb404d7757c379bd1f7e5cce9d8bf425384"},
    {file = "sniffio-1.3.0.tar.gz", hash = "sha256:e60305c5e5d314f5389259b7f22aaa33d8f7dee49763119234af3755c55b9101"},
]

[[package]]
name = "soupsieve"
version = "2.3.2.post1"
requires_python = ">=3.6"
summary = "A modern CSS selector implementation for Beautiful Soup."
files = [
    {file = "soupsieve-2.3.2.post1-py3-none-any.whl", hash = "sha256:3b2503d3c7084a42b1ebd08116e5f81aadfaea95863628c80a3b774a11b7c759"},
    {file = "soupsieve-2.3.2.post1.tar.gz", hash = "sha256:fc53893b3da2c33de295667a0e19f078c14bf86544af307354de5fcf12a3f30d"},
]

[[package]]
name = "thefuzz"
version = "0.20.0"
requires_python = ">=3.7"
summary = "Fuzzy string matching in python"
dependencies = [
    "rapidfuzz<4.0.0,>=3.0.0",
]
files = [
    {file = "thefuzz-0.20.0-py3-none-any.whl", hash = "sha256:bd2b657a12bd8518917d2d71c53125368706233b822fac688fca956730154388"},
    {file = "thefuzz-0.20.0.tar.gz", hash = "sha256:a25e49786b1c4603c7fc6e2d69e6bc660982a2919698b536ff8354e0631cc40d"},
]

[[package]]
name = "thefuzz"
version = "0.20.0"
extras = ["speedup"]
requires_python = ">=3.7"
summary = "Fuzzy string matching in python"
dependencies = [
    "thefuzz==0.20.0",
]
files = [
    {file = "thefuzz-0.20.0-py3-none-any.whl", hash = "sha256:bd2b657a12bd8518917d2d71c53125368706233b822fac688fca956730154388"},
    {file = "thefuzz-0.20.0.tar.gz", hash = "sha256:a25e49786b1c4603c7fc6e2d69e6bc660982a2919698b536ff8354e0631cc40d"},
]

[[package]]
name = "typing-extensions"
version = "4.4.0"
requires_python = ">=3.7"
summary = "Backported and Experimental Type Hints for Python 3.7+"
files = [
    {file = "typing_extensions-4.4.0-py3-none-any.whl", hash = "sha256:16fa4864408f655d35ec496218b85f79b3437c829e93320c7c9215ccfd92489e"},
    {file = "typing_extensions-4.4.0.tar.gz", hash = "sha256:1511434bb92bf8dd198c12b1cc812e800d4181cfcb867674e0f8279cc93087aa"},
]

[[package]]
name = "urllib3"
version = "1.26.13"
requires_python = ">=2.7, !=3.0.*, !=3.1.*, !=3.2.*, !=3.3.*, !=3.4.*, !=3.5.*"
summary = "HTTP library with thread-safe connection pooling, file post, and more."
files = [
    {file = "urllib3-1.26.13-py2.py3-none-any.whl", hash = "sha256:47cc05d99aaa09c9e72ed5809b60e7ba354e64b59c9c173ac3018642d8bb41fc"},
    {file = "urllib3-1.26.13.tar.gz", hash = "sha256:c083dd0dce68dbfbe1129d5271cb90f9447dea7d52097c6e0126120c521ddea8"},
]

[[package]]
name = "werkzeug"
version = "3.0.1"
requires_python = ">=3.8"
summary = "The comprehensive WSGI web application library."
dependencies = [
    "MarkupSafe>=2.1.1",
]
files = [
    {file = "werkzeug-3.0.1-py3-none-any.whl", hash = "sha256:90a285dc0e42ad56b34e696398b8122ee4c681833fb35b8334a095d82c56da10"},
    {file = "werkzeug-3.0.1.tar.gz", hash = "sha256:507e811ecea72b18a404947aded4b3390e1db8f826b494d76550ef45bb3b1dcc"},
]

[[package]]
name = "wrapt"
version = "1.14.1"
requires_python = "!=3.0.*,!=3.1.*,!=3.2.*,!=3.3.*,!=3.4.*,>=2.7"
summary = "Module for decorators, wrappers and monkey patching."
files = [
    {file = "wrapt-1.14.1-cp310-cp310-macosx_10_9_x86_64.whl", hash = "sha256:80bb5c256f1415f747011dc3604b59bc1f91c6e7150bd7db03b19170ee06b320"},
    {file = "wrapt-1.14.1-cp310-cp310-macosx_11_0_arm64.whl", hash = "sha256:07f7a7d0f388028b2df1d916e94bbb40624c59b48ecc6cbc232546706fac74c2"},
    {file = "wrapt-1.14.1-cp310-cp310-manylinux_2_17_aarch64.manylinux2014_aarch64.whl", hash = "sha256:02b41b633c6261feff8ddd8d11c711df6842aba629fdd3da10249a53211a72c4"},
    {file = "wrapt-1.14.1-cp310-cp310-manylinux_2_5_i686.manylinux1_i686.manylinux_2_17_i686.manylinux2014_i686.whl", hash = "sha256:2fe803deacd09a233e4762a1adcea5db5d31e6be577a43352936179d14d90069"},
    {file = "wrapt-1.14.1-cp310-cp310-manylinux_2_5_x86_64.manylinux1_x86_64.manylinux_2_17_x86_64.manylinux2014_x86_64.whl", hash = "sha256:257fd78c513e0fb5cdbe058c27a0624c9884e735bbd131935fd49e9fe719d310"},
    {file = "wrapt-1.14.1-cp310-cp310-musllinux_1_1_aarch64.whl", hash = "sha256:4fcc4649dc762cddacd193e6b55bc02edca674067f5f98166d7713b193932b7f"},
    {file = "wrapt-1.14.1-cp310-cp310-musllinux_1_1_i686.whl", hash = "sha256:11871514607b15cfeb87c547a49bca19fde402f32e2b1c24a632506c0a756656"},
    {file = "wrapt-1.14.1-cp310-cp310-musllinux_1_1_x86_64.whl", hash = "sha256:8ad85f7f4e20964db4daadcab70b47ab05c7c1cf2a7c1e51087bfaa83831854c"},
    {file = "wrapt-1.14.1-cp310-cp310-win32.whl", hash = "sha256:a9a52172be0b5aae932bef82a79ec0a0ce87288c7d132946d645eba03f0ad8a8"},
    {file = "wrapt-1.14.1-cp310-cp310-win_amd64.whl", hash = "sha256:6d323e1554b3d22cfc03cd3243b5bb815a51f5249fdcbb86fda4bf62bab9e164"},
    {file = "wrapt-1.14.1.tar.gz", hash = "sha256:380a85cf89e0e69b7cfbe2ea9f765f004ff419f34194018a6827ac0e3edfed4d"},
]
